
Microsoft Visual Studio Solution File, Format Version 12.00
# Visual Studio 15
VisualStudioVersion = 15.0.28010.2050
MinimumVisualStudioVersion = 10.0.40219.1
Project("{FAE04EC0-301F-11D3-BF4B-00C04F79EFBC}") = "RandomPickerGui", "RandomPickerGui\RandomPickerGui.csproj", "{4C2654A0-C60D-489A-A5BB-BC5E53E619FF}"
EndProject
Global
	GlobalSection(SolutionConfigurationPlatforms) = preSolution
		Debug|Any CPU = Debug|Any CPU
		Release|Any CPU = Release|Any CPU
	EndGlobalSection
	GlobalSection(ProjectConfigurationPlatforms) = postSolution
		{4C2654A0-C60D-489A-A5BB-BC5E53E619FF}.Debug|Any CPU.ActiveCfg = Debug|Any CPU
		{4C2654A0-C60D-489A-A5BB-BC5E53E619FF}.Debug|Any CPU.Build.0 = Debug|Any CPU
		{4C2654A0-C60D-489A-A5BB-BC5E53E619FF}.Release|Any CPU.ActiveCfg = Release|Any CPU
		{4C2654A0-C60D-489A-A5BB-BC5E53E619FF}.Release|Any CPU.Build.0 = Release|Any CPU
	EndGlobalSection
	GlobalSection(SolutionProperties) = preSolution
		HideSolutionNode = FALSE
	EndGlobalSection
	GlobalSection(ExtensibilityGlobals) = postSolution
		SolutionGuid = {4FB4396E-3B05-4C7D-A5E4-558EA6513312}
	EndGlobalSection
EndGlobal
